
Microsoft Visual Studio Solution File, Format Version 12.00
# Visual Studio Version 16
VisualStudioVersion = 16.0.30204.135
MinimumVisualStudioVersion = 10.0.40219.1
Project("{9A19103F-16F7-4668-BE54-9A1E7A4F7556}") = "100DaysOfServerlessCode", "100DaysOfServerlessCode\100DaysOfServerlessCode.csproj", "{C179CB95-34B6-47C3-B61C-A7A76BDA7C5D}"
EndProject
Global
	GlobalSection(SolutionConfigurationPlatforms) = preSolution
		Debug|Any CPU = Debug|Any CPU
		Release|Any CPU = Release|Any CPU
	EndGlobalSection
	GlobalSection(ProjectConfigurationPlatforms) = postSolution
		{C179CB95-34B6-47C3-B61C-A7A76BDA7C5D}.Debug|Any CPU.ActiveCfg = Debug|Any CPU
		{C179CB95-34B6-47C3-B61C-A7A76BDA7C5D}.Debug|Any CPU.Build.0 = Debug|Any CPU
		{C179CB95-34B6-47C3-B61C-A7A76BDA7C5D}.Release|Any CPU.ActiveCfg = Release|Any CPU
		{C179CB95-34B6-47C3-B61C-A7A76BDA7C5D}.Release|Any CPU.Build.0 = Release|Any CPU
	EndGlobalSection
	GlobalSection(SolutionProperties) = preSolution
		HideSolutionNode = FALSE
	EndGlobalSection
	GlobalSection(ExtensibilityGlobals) = postSolution
		SolutionGuid = {8275A950-633A-4420-9C28-6D0FBF559795}
	EndGlobalSection
EndGlobal
